<?xml version="1.0" encoding="utf-8"?>
<Project ToolsVersion="4.0" xmlns="http://schemas.microsoft.com/developer/msbuild/2003">
  <ItemGroup>
    <Filter Include="Resource Files">
      <UniqueIdentifier>{67DA6AB6-F800-4c08-8B7A-83BB121AAD01}</UniqueIdentifier>
      <Extensions>rc;ico;cur;bmp;dlg;rc2;rct;bin;rgs;gif;jpg;jpeg;jpe;resx;tiff;tif;png;wav;mfcribbon-ms</Extensions>
    </Filter>
    <Filter Include="Source">
      <UniqueIdentifier>{4f1ff1e9-0e17-4c1d-a0de-c77a8426960e}</UniqueIdentifier>
    </Filter>
    <Filter Include="Source\IOstreams">
      <UniqueIdentifier>{b48d2286-7402-424a-bf78-9034a334821e}</UniqueIdentifier>
    </Filter>
  </ItemGroup>
  <ItemGroup>
    <ClInclude Include="Source\zMachine.h">
      <Filter>Source</Filter>
    </ClInclude>
    <ClInclude Include="Source\zDefinitions.h">
      <Filter>Source</Filter>
    </ClInclude>
    <ClInclude Include="Source\IOstreams\teeStream.h">
      <Filter>Source\IOstreams</Filter>
    </ClInclude>
  </ItemGroup>
  <ItemGroup>
    <ClCompile Include="Source\zMachine.cpp">
      <Filter>Source</Filter>
    </ClCompile>
    <ClCompile Include="Source\zMachine_input.cpp">
      <Filter>Source</Filter>
    </ClCompile>
    <ClCompile Include="Source\zMachine_instructions.cpp">
      <Filter>Source</Filter>
    </ClCompile>
    <ClCompile Include="Source\zMachine_objects.cpp">
      <Filter>Source</Filter>
    </ClCompile>
    <ClCompile Include="Source\zMachine_stack.cpp">
      <Filter>Source</Filter>
    </ClCompile>
    <ClCompile Include="Source\zMachine_variables.cpp">
      <Filter>Source</Filter>
    </ClCompile>
    <ClCompile Include="Source\main.cpp">
      <Filter>Source</Filter>
    </ClCompile>
    <ClCompile Include="Source\zMachine_strings.cpp">
      <Filter>Source</Filter>
    </ClCompile>
    <ClCompile Include="Source\zMachine_debug.cpp">
      <Filter>Source</Filter>
    </ClCompile>
    <ClCompile Include="Source\IOstreams\teeStream.cpp">
      <Filter>Source\IOstreams</Filter>
    </ClCompile>
  </ItemGroup>
</Project>